PODS:
  - SnapSDK/SCSDKCreativeKit (1.0.3)
  - SnapSDK/SCSDKLoginKit (1.0.3)

DEPENDENCIES:
  - SnapSDK/SCSDKCreativeKit
  - SnapSDK/SCSDKLoginKit

SPEC REPOS:
  https://github.com/cocoapods/specs.git:
    - SnapSDK

SPEC CHECKSUMS:
  SnapSDK: e8e227848e8232dfc5447574cf1481ce6d51f502

PODFILE CHECKSUM: d0fa9a05696faef27550dfbdacc08f1d8dfed308

COCOAPODS: 1.5.3
