PODS:
  - SnapSDK/SCSDKBitmojiKit (1.0.3)
  - SnapSDK/SCSDKCreativeKit (1.0.3)
  - SnapSDK/SCSDKLoginKit (1.0.3)

DEPENDENCIES:
  - SnapSDK/SCSDKBitmojiKit
  - SnapSDK/SCSDKCreativeKit
  - SnapSDK/SCSDKLoginKit

SPEC REPOS:
  https://github.com/cocoapods/specs.git:
    - SnapSDK

SPEC CHECKSUMS:
  SnapSDK: e8e227848e8232dfc5447574cf1481ce6d51f502

PODFILE CHECKSUM: e99df719e43bf30fd75ad49d4c65399937c8d933

COCOAPODS: 1.5.3
